
Microsoft Visual Studio Solution File, Format Version 12.00
# Visual Studio Version 16
VisualStudioVersion = 16.0.29709.97
MinimumVisualStudioVersion = 10.0.40219.1
Project("{FAE04EC0-301F-11D3-BF4B-00C04F79EFBC}") = "ARAS.Tests", "ARAS - Tests\ARAS.Tests.csproj", "{A03B62D9-2E68-4C37-B433-3D8CC2576A95}"
EndProject
Global
	GlobalSection(SolutionConfigurationPlatforms) = preSolution
		Debug|Any CPU = Debug|Any CPU
		Release|Any CPU = Release|Any CPU
	EndGlobalSection
	GlobalSection(ProjectConfigurationPlatforms) = postSolution
		{A03B62D9-2E68-4C37-B433-3D8CC2576A95}.Debug|Any CPU.ActiveCfg = Debug|Any CPU
		{A03B62D9-2E68-4C37-B433-3D8CC2576A95}.Debug|Any CPU.Build.0 = Debug|Any CPU
		{A03B62D9-2E68-4C37-B433-3D8CC2576A95}.Release|Any CPU.ActiveCfg = Release|Any CPU
		{A03B62D9-2E68-4C37-B433-3D8CC2576A95}.Release|Any CPU.Build.0 = Release|Any CPU
	EndGlobalSection
	GlobalSection(SolutionProperties) = preSolution
		HideSolutionNode = FALSE
	EndGlobalSection
	GlobalSection(ExtensibilityGlobals) = postSolution
		SolutionGuid = {69F404A1-A03B-4C5F-9005-B8818F992D70}
	EndGlobalSection
EndGlobal
